
Microsoft Visual Studio Solution File, Format Version 12.00
# Visual Studio Version 17
VisualStudioVersion = 17.2.32526.322
MinimumVisualStudioVersion = 10.0.40219.1
Project("{FAE04EC0-301F-11D3-BF4B-00C04F79EFBC}") = "Mantenedor-1", "Mantenedor-1\Mantenedor-1.csproj", "{676ABB08-D5BF-43E5-8447-87345CB97D0C}"
EndProject
Global
	GlobalSection(SolutionConfigurationPlatforms) = preSolution
		Debug|Any CPU = Debug|Any CPU
		Release|Any CPU = Release|Any CPU
	EndGlobalSection
	GlobalSection(ProjectConfigurationPlatforms) = postSolution
		{676ABB08-D5BF-43E5-8447-87345CB97D0C}.Debug|Any CPU.ActiveCfg = Debug|Any CPU
		{676ABB08-D5BF-43E5-8447-87345CB97D0C}.Debug|Any CPU.Build.0 = Debug|Any CPU
		{676ABB08-D5BF-43E5-8447-87345CB97D0C}.Release|Any CPU.ActiveCfg = Release|Any CPU
		{676ABB08-D5BF-43E5-8447-87345CB97D0C}.Release|Any CPU.Build.0 = Release|Any CPU
	EndGlobalSection
	GlobalSection(SolutionProperties) = preSolution
		HideSolutionNode = FALSE
	EndGlobalSection
	GlobalSection(ExtensibilityGlobals) = postSolution
		SolutionGuid = {F718142E-4215-44B2-9B9E-D71B6278F1C4}
	EndGlobalSection
EndGlobal
